
Microsoft Visual Studio Solution File, Format Version 12.00
# Visual Studio Version 17
VisualStudioVersion = 17.1.32210.238
MinimumVisualStudioVersion = 10.0.40219.1
Project("{9A19103F-16F7-4668-BE54-9A1E7A4F7556}") = "Aoc.Core", "Aoc.Core\Aoc.Core.csproj", "{D5E76C3D-5595-401A-AFDC-A2EFF25D43E0}"
EndProject
Project("{9A19103F-16F7-4668-BE54-9A1E7A4F7556}") = "Aoc.Core.Tests", "Aoc.Core.Tests\Aoc.Core.Tests.csproj", "{0237E059-E5D9-45E3-85AA-34017DADEC50}"
EndProject
Project("{9A19103F-16F7-4668-BE54-9A1E7A4F7556}") = "Aoc2022", "Aoc2022\Aoc2022.csproj", "{70EEF887-B83E-4BF1-8E2A-1422F272F32C}"
EndProject
Project("{9A19103F-16F7-4668-BE54-9A1E7A4F7556}") = "Aoc2022.Tests", "Aoc2022.Tests\Aoc2022.Tests.csproj", "{57529B60-2548-4405-9956-7F6A36F0C3CA}"
EndProject
Project("{FAE04EC0-301F-11D3-BF4B-00C04F79EFBC}") = "Aoc2021", "Aoc2021\Aoc2021.csproj", "{AE24399A-0D72-428B-B03E-17AD617828F4}"
EndProject
Project("{FAE04EC0-301F-11D3-BF4B-00C04F79EFBC}") = "Aoc2021.Tests", "Aoc2021.Tests\Aoc2021.Tests.csproj", "{02FAD135-397A-43E6-8EB2-7D4E8CAF2C8F}"
EndProject
Global
	GlobalSection(SolutionConfigurationPlatforms) = preSolution
		Debug|Any CPU = Debug|Any CPU
		Release|Any CPU = Release|Any CPU
	EndGlobalSection
	GlobalSection(ProjectConfigurationPlatforms) = postSolution
		{D5E76C3D-5595-401A-AFDC-A2EFF25D43E0}.Debug|Any CPU.ActiveCfg = Debug|Any CPU
		{D5E76C3D-5595-401A-AFDC-A2EFF25D43E0}.Debug|Any CPU.Build.0 = Debug|Any CPU
		{D5E76C3D-5595-401A-AFDC-A2EFF25D43E0}.Release|Any CPU.ActiveCfg = Release|Any CPU
		{D5E76C3D-5595-401A-AFDC-A2EFF25D43E0}.Release|Any CPU.Build.0 = Release|Any CPU
		{0237E059-E5D9-45E3-85AA-34017DADEC50}.Debug|Any CPU.ActiveCfg = Debug|Any CPU
		{0237E059-E5D9-45E3-85AA-34017DADEC50}.Debug|Any CPU.Build.0 = Debug|Any CPU
		{0237E059-E5D9-45E3-85AA-34017DADEC50}.Release|Any CPU.ActiveCfg = Release|Any CPU
		{0237E059-E5D9-45E3-85AA-34017DADEC50}.Release|Any CPU.Build.0 = Release|Any CPU
		{70EEF887-B83E-4BF1-8E2A-1422F272F32C}.Debug|Any CPU.ActiveCfg = Debug|Any CPU
		{70EEF887-B83E-4BF1-8E2A-1422F272F32C}.Debug|Any CPU.Build.0 = Debug|Any CPU
		{70EEF887-B83E-4BF1-8E2A-1422F272F32C}.Release|Any CPU.ActiveCfg = Release|Any CPU
		{70EEF887-B83E-4BF1-8E2A-1422F272F32C}.Release|Any CPU.Build.0 = Release|Any CPU
		{57529B60-2548-4405-9956-7F6A36F0C3CA}.Debug|Any CPU.ActiveCfg = Debug|Any CPU
		{57529B60-2548-4405-9956-7F6A36F0C3CA}.Debug|Any CPU.Build.0 = Debug|Any CPU
		{57529B60-2548-4405-9956-7F6A36F0C3CA}.Release|Any CPU.ActiveCfg = Release|Any CPU
		{57529B60-2548-4405-9956-7F6A36F0C3CA}.Release|Any CPU.Build.0 = Release|Any CPU
		{AE24399A-0D72-428B-B03E-17AD617828F4}.Debug|Any CPU.ActiveCfg = Debug|Any CPU
		{AE24399A-0D72-428B-B03E-17AD617828F4}.Debug|Any CPU.Build.0 = Debug|Any CPU
		{AE24399A-0D72-428B-B03E-17AD617828F4}.Release|Any CPU.ActiveCfg = Release|Any CPU
		{AE24399A-0D72-428B-B03E-17AD617828F4}.Release|Any CPU.Build.0 = Release|Any CPU
		{02FAD135-397A-43E6-8EB2-7D4E8CAF2C8F}.Debug|Any CPU.ActiveCfg = Debug|Any CPU
		{02FAD135-397A-43E6-8EB2-7D4E8CAF2C8F}.Debug|Any CPU.Build.0 = Debug|Any CPU
		{02FAD135-397A-43E6-8EB2-7D4E8CAF2C8F}.Release|Any CPU.ActiveCfg = Release|Any CPU
		{02FAD135-397A-43E6-8EB2-7D4E8CAF2C8F}.Release|Any CPU.Build.0 = Release|Any CPU
	EndGlobalSection
	GlobalSection(SolutionProperties) = preSolution
		HideSolutionNode = FALSE
	EndGlobalSection
	GlobalSection(ExtensibilityGlobals) = postSolution
		SolutionGuid = {1F23243A-C059-4A6C-9C9A-C4D3A6A0EC52}
	EndGlobalSection
EndGlobal
